PODS:
  - Alamofire (4.1.0)
  - Down (0.3)
  - Hex (5.0.0)
  - INTULocationManager (4.2.0)
  - JSQWebViewController (5.0.0)
  - SwiftyJSON (3.1.3)
  - SWRevealViewController (2.3.0)

DEPENDENCIES:
  - Alamofire (= 4.1.0)
  - Down
  - Hex (= 5.0.0)
  - INTULocationManager (= 4.2.0)
  - JSQWebViewController (= 5.0.0)
  - SwiftyJSON (= 3.1.3)
  - SWRevealViewController (= 2.3.0)

SPEC CHECKSUMS:
  Alamofire: e266cf991b933498df791e645e0d8ac294492153
  Down: dea228f55b736ea0a7b96e02dd14b33600ce83a2
  Hex: 024e4dba5d5a9351e7817713f3dee61553258dcd
  INTULocationManager: 73f8254b3d05c897c56bb13c190e5b7c648c0998
  JSQWebViewController: 0461aa42612b221571556df61d9c09f080cb2eef
  SwiftyJSON: 38a8ea2006779c0fc4c310cb2ee8195327740faf
  SWRevealViewController: 6d3fd97f70112fd7cef9de14df4260eacce4c63a

PODFILE CHECKSUM: bdabbf45b2be4bc96675e60ba48dda364419ff93

COCOAPODS: 1.1.1
